
Microsoft Visual Studio Solution File, Format Version 12.00
# Visual Studio 15
VisualStudioVersion = 15.0.28307.1231
MinimumVisualStudioVersion = 10.0.40219.1
Project("{FAE04EC0-301F-11D3-BF4B-00C04F79EFBC}") = "Scraping", "Scraping\Scraping.csproj", "{A75B35E9-B56E-4DEF-9434-E66C92EC85D0}"
EndProject
Global
	GlobalSection(SolutionConfigurationPlatforms) = preSolution
		Debug|Any CPU = Debug|Any CPU
		Release|Any CPU = Release|Any CPU
	EndGlobalSection
	GlobalSection(ProjectConfigurationPlatforms) = postSolution
		{A75B35E9-B56E-4DEF-9434-E66C92EC85D0}.Debug|Any CPU.ActiveCfg = Debug|Any CPU
		{A75B35E9-B56E-4DEF-9434-E66C92EC85D0}.Debug|Any CPU.Build.0 = Debug|Any CPU
		{A75B35E9-B56E-4DEF-9434-E66C92EC85D0}.Release|Any CPU.ActiveCfg = Release|Any CPU
		{A75B35E9-B56E-4DEF-9434-E66C92EC85D0}.Release|Any CPU.Build.0 = Release|Any CPU
	EndGlobalSection
	GlobalSection(SolutionProperties) = preSolution
		HideSolutionNode = FALSE
	EndGlobalSection
	GlobalSection(ExtensibilityGlobals) = postSolution
		SolutionGuid = {3CB21798-0B93-4768-B172-FB303B2C9412}
	EndGlobalSection
EndGlobal
